
Microsoft Visual Studio Solution File, Format Version 12.00
# Visual Studio Version 17
VisualStudioVersion = 17.11.35327.3
MinimumVisualStudioVersion = 10.0.40219.1
Project("{9A19103F-16F7-4668-BE54-9A1E7A4F7556}") = "CatAPI", "CatAPI.csproj", "{4E4A4757-2ECC-425A-BEAE-3817872ABF74}"
EndProject
Global
	GlobalSection(SolutionConfigurationPlatforms) = preSolution
		Debug|Any CPU = Debug|Any CPU
		Release|Any CPU = Release|Any CPU
	EndGlobalSection
	GlobalSection(ProjectConfigurationPlatforms) = postSolution
		{4E4A4757-2ECC-425A-BEAE-3817872ABF74}.Debug|Any CPU.ActiveCfg = Debug|Any CPU
		{4E4A4757-2ECC-425A-BEAE-3817872ABF74}.Debug|Any CPU.Build.0 = Debug|Any CPU
		{4E4A4757-2ECC-425A-BEAE-3817872ABF74}.Release|Any CPU.ActiveCfg = Release|Any CPU
		{4E4A4757-2ECC-425A-BEAE-3817872ABF74}.Release|Any CPU.Build.0 = Release|Any CPU
	EndGlobalSection
	GlobalSection(SolutionProperties) = preSolution
		HideSolutionNode = FALSE
	EndGlobalSection
	GlobalSection(ExtensibilityGlobals) = postSolution
		SolutionGuid = {E2B3AFAE-2263-4DF7-A9A9-C0B80714BA44}
	EndGlobalSection
EndGlobal
